
Microsoft Visual Studio Solution File, Format Version 12.00
Project("{2150E333-8FDC-42A3-9474-1A3956D46DE8}") = "src", "src", "{263CF3B9-7016-4A42-999E-60949F0E27D9}"
EndProject
Project("{FAE04EC0-301F-11D3-BF4B-00C04F79EFBC}") = "Armada.CQRS", "src\Armada.CQRS\Armada.CQRS.csproj", "{B441D03B-0071-4075-9A04-9B48E6534C57}"
EndProject
Project("{2150E333-8FDC-42A3-9474-1A3956D46DE8}") = "samples", "samples", "{97C2AD60-2E13-4499-B9C8-A3762195C075}"
EndProject
Project("{FAE04EC0-301F-11D3-BF4B-00C04F79EFBC}") = "Armada.CQRS.Samples", "samples\Armada.CQRS.Samples\Armada.CQRS.Samples.csproj", "{F9315DE3-5393-46F1-93EA-A420C0A6434D}"
EndProject
Project("{FAE04EC0-301F-11D3-BF4B-00C04F79EFBC}") = "Armada.CQRS.Extensions.FluentValidation", "src\Armada.CQRS.Extensions.FluentValidation\Armada.CQRS.Extensions.FluentValidation.csproj", "{66F4AE93-1E97-48A3-AE74-30BA47EB0ECF}"
EndProject
Global
	GlobalSection(SolutionConfigurationPlatforms) = preSolution
		Debug|Any CPU = Debug|Any CPU
		Release|Any CPU = Release|Any CPU
	EndGlobalSection
	GlobalSection(NestedProjects) = preSolution
		{B441D03B-0071-4075-9A04-9B48E6534C57} = {263CF3B9-7016-4A42-999E-60949F0E27D9}
		{F9315DE3-5393-46F1-93EA-A420C0A6434D} = {97C2AD60-2E13-4499-B9C8-A3762195C075}
		{66F4AE93-1E97-48A3-AE74-30BA47EB0ECF} = {263CF3B9-7016-4A42-999E-60949F0E27D9}
	EndGlobalSection
	GlobalSection(ProjectConfigurationPlatforms) = postSolution
		{B441D03B-0071-4075-9A04-9B48E6534C57}.Debug|Any CPU.ActiveCfg = Debug|Any CPU
		{B441D03B-0071-4075-9A04-9B48E6534C57}.Debug|Any CPU.Build.0 = Debug|Any CPU
		{B441D03B-0071-4075-9A04-9B48E6534C57}.Release|Any CPU.ActiveCfg = Release|Any CPU
		{B441D03B-0071-4075-9A04-9B48E6534C57}.Release|Any CPU.Build.0 = Release|Any CPU
		{F9315DE3-5393-46F1-93EA-A420C0A6434D}.Debug|Any CPU.ActiveCfg = Debug|Any CPU
		{F9315DE3-5393-46F1-93EA-A420C0A6434D}.Debug|Any CPU.Build.0 = Debug|Any CPU
		{F9315DE3-5393-46F1-93EA-A420C0A6434D}.Release|Any CPU.ActiveCfg = Release|Any CPU
		{F9315DE3-5393-46F1-93EA-A420C0A6434D}.Release|Any CPU.Build.0 = Release|Any CPU
		{66F4AE93-1E97-48A3-AE74-30BA47EB0ECF}.Debug|Any CPU.ActiveCfg = Debug|Any CPU
		{66F4AE93-1E97-48A3-AE74-30BA47EB0ECF}.Debug|Any CPU.Build.0 = Debug|Any CPU
		{66F4AE93-1E97-48A3-AE74-30BA47EB0ECF}.Release|Any CPU.ActiveCfg = Release|Any CPU
		{66F4AE93-1E97-48A3-AE74-30BA47EB0ECF}.Release|Any CPU.Build.0 = Release|Any CPU
	EndGlobalSection
EndGlobal
